
Microsoft Visual Studio Solution File, Format Version 12.00
# Visual Studio Version 16
VisualStudioVersion = 16.0.31105.61
MinimumVisualStudioVersion = 10.0.40219.1
Project("{FAE04EC0-301F-11D3-BF4B-00C04F79EFBC}") = "MyMath", "MyMath\MyMath.csproj", "{98E4DA57-B3B5-46D3-9446-57969FC89D74}"
EndProject
Project("{FAE04EC0-301F-11D3-BF4B-00C04F79EFBC}") = "MathTests", "MathTests\MathTests.csproj", "{AA8E3B5B-9D71-4D19-AC6C-37A8CE276DE9}"
EndProject
Global
	GlobalSection(SolutionConfigurationPlatforms) = preSolution
		Debug|Any CPU = Debug|Any CPU
		Release|Any CPU = Release|Any CPU
	EndGlobalSection
	GlobalSection(ProjectConfigurationPlatforms) = postSolution
		{98E4DA57-B3B5-46D3-9446-57969FC89D74}.Debug|Any CPU.ActiveCfg = Debug|Any CPU
		{98E4DA57-B3B5-46D3-9446-57969FC89D74}.Debug|Any CPU.Build.0 = Debug|Any CPU
		{98E4DA57-B3B5-46D3-9446-57969FC89D74}.Release|Any CPU.ActiveCfg = Release|Any CPU
		{98E4DA57-B3B5-46D3-9446-57969FC89D74}.Release|Any CPU.Build.0 = Release|Any CPU
		{AA8E3B5B-9D71-4D19-AC6C-37A8CE276DE9}.Debug|Any CPU.ActiveCfg = Debug|Any CPU
		{AA8E3B5B-9D71-4D19-AC6C-37A8CE276DE9}.Debug|Any CPU.Build.0 = Debug|Any CPU
		{AA8E3B5B-9D71-4D19-AC6C-37A8CE276DE9}.Release|Any CPU.ActiveCfg = Release|Any CPU
		{AA8E3B5B-9D71-4D19-AC6C-37A8CE276DE9}.Release|Any CPU.Build.0 = Release|Any CPU
	EndGlobalSection
	GlobalSection(SolutionProperties) = preSolution
		HideSolutionNode = FALSE
	EndGlobalSection
	GlobalSection(ExtensibilityGlobals) = postSolution
		SolutionGuid = {3D57FAF9-8084-43B0-AF4F-7FCBDAFDA6C9}
	EndGlobalSection
EndGlobal
